<?xml version="1.0" encoding="utf-8"?>
<documentationProject>
	<settings includeInternalMembers="False" includeProtectedMembers="True" includePrivateMembers="False" outputFile="Documentation.xml" />
	<documentationSources>
		<documentationSource referencePath="ObjectGraphCore\bin\Debug\netstandard2.0" fileFilterRegExp="^ObjectGraph\.(Core|Interfaces)\.dll$" includeSubDirectories="False" allowFailure="False" />
	</documentationSources>
	<referenceDirectories />
</documentationProject>