
Microsoft Visual Studio Solution File, Format Version 12.00
# Visual Studio Version 16
VisualStudioVersion = 16.0.31205.134
MinimumVisualStudioVersion = 10.0.40219.1
Project("{9A19103F-16F7-4668-BE54-9A1E7A4F7556}") = "ObjectGraph.Core", "ObjectGraph.Core\ObjectGraph.Core.csproj", "{C7BEA2E0-B820-4B1C-9087-0B09E635FF56}"
EndProject
Project("{9A19103F-16F7-4668-BE54-9A1E7A4F7556}") = "ObjectGraphCore.Tests", "ObjectGraph.Tests\ObjectGraph.Tests.csproj", "{52F7EF49-F2CB-4BAB-9BE0-E5DEA40D3C73}"
EndProject
Project("{9A19103F-16F7-4668-BE54-9A1E7A4F7556}") = "ObjectGraph.Interfaces", "ObjectGraph.Interfaces\ObjectGraph.Interfaces.csproj", "{9AFFF738-7358-4C4D-A3CE-C33F4330A450}"
EndProject
Global
	GlobalSection(SolutionConfigurationPlatforms) = preSolution
		Debug|Any CPU = Debug|Any CPU
		Release|Any CPU = Release|Any CPU
	EndGlobalSection
	GlobalSection(ProjectConfigurationPlatforms) = postSolution
		{C7BEA2E0-B820-4B1C-9087-0B09E635FF56}.Debug|Any CPU.ActiveCfg = Debug|Any CPU
		{C7BEA2E0-B820-4B1C-9087-0B09E635FF56}.Debug|Any CPU.Build.0 = Debug|Any CPU
		{C7BEA2E0-B820-4B1C-9087-0B09E635FF56}.Release|Any CPU.ActiveCfg = Release|Any CPU
		{C7BEA2E0-B820-4B1C-9087-0B09E635FF56}.Release|Any CPU.Build.0 = Release|Any CPU
		{52F7EF49-F2CB-4BAB-9BE0-E5DEA40D3C73}.Debug|Any CPU.ActiveCfg = Debug|Any CPU
		{52F7EF49-F2CB-4BAB-9BE0-E5DEA40D3C73}.Debug|Any CPU.Build.0 = Debug|Any CPU
		{52F7EF49-F2CB-4BAB-9BE0-E5DEA40D3C73}.Release|Any CPU.ActiveCfg = Release|Any CPU
		{52F7EF49-F2CB-4BAB-9BE0-E5DEA40D3C73}.Release|Any CPU.Build.0 = Release|Any CPU
		{9AFFF738-7358-4C4D-A3CE-C33F4330A450}.Debug|Any CPU.ActiveCfg = Debug|Any CPU
		{9AFFF738-7358-4C4D-A3CE-C33F4330A450}.Debug|Any CPU.Build.0 = Debug|Any CPU
		{9AFFF738-7358-4C4D-A3CE-C33F4330A450}.Release|Any CPU.ActiveCfg = Release|Any CPU
		{9AFFF738-7358-4C4D-A3CE-C33F4330A450}.Release|Any CPU.Build.0 = Release|Any CPU
	EndGlobalSection
	GlobalSection(SolutionProperties) = preSolution
		HideSolutionNode = FALSE
	EndGlobalSection
	GlobalSection(ExtensibilityGlobals) = postSolution
		SolutionGuid = {761CFEA8-E0FE-4045-B78D-0ED58938FBD6}
	EndGlobalSection
EndGlobal
